
Microsoft Visual Studio Solution File, Format Version 12.00
# Visual Studio Version 16
VisualStudioVersion = 16.0.31613.86
MinimumVisualStudioVersion = 10.0.40219.1
Project("{FAE04EC0-301F-11D3-BF4B-00C04F79EFBC}") = "YazLab1", "YazLab1\YazLab1.csproj", "{81D3A5CA-FC83-4888-9CEE-712A1A7E2A74}"
EndProject
Global
	GlobalSection(SolutionConfigurationPlatforms) = preSolution
		Debug|Any CPU = Debug|Any CPU
		Release|Any CPU = Release|Any CPU
	EndGlobalSection
	GlobalSection(ProjectConfigurationPlatforms) = postSolution
		{81D3A5CA-FC83-4888-9CEE-712A1A7E2A74}.Debug|Any CPU.ActiveCfg = Debug|Any CPU
		{81D3A5CA-FC83-4888-9CEE-712A1A7E2A74}.Debug|Any CPU.Build.0 = Debug|Any CPU
		{81D3A5CA-FC83-4888-9CEE-712A1A7E2A74}.Release|Any CPU.ActiveCfg = Release|Any CPU
		{81D3A5CA-FC83-4888-9CEE-712A1A7E2A74}.Release|Any CPU.Build.0 = Release|Any CPU
	EndGlobalSection
	GlobalSection(SolutionProperties) = preSolution
		HideSolutionNode = FALSE
	EndGlobalSection
	GlobalSection(ExtensibilityGlobals) = postSolution
		SolutionGuid = {8AD75DAB-B91E-4202-BFA3-451B5A8BBCB1}
	EndGlobalSection
EndGlobal
